// !$*UTF8*$!
{
	archiveVersion = 1;
	classes = {
	};
	objectVersion = 77;
	objects = {

/* Begin PBXContainerItemProxy section */
		471BD2092CE922B000C8F75A /* PBXContainerItemProxy */ = {
			isa = PBXContainerItemProxy;
			containerPortal = 471BD1E92CE922AF00C8F75A /* Project object */;
			proxyType = 1;
			remoteGlobalIDString = 471BD1F02CE922AF00C8F75A;
			remoteInfo = MorningRadio;
		};
		471BD2132CE922B000C8F75A /* PBXContainerItemProxy */ = {
			isa = PBXContainerItemProxy;
			containerPortal = 471BD1E92CE922AF00C8F75A /* Project object */;
			proxyType = 1;
			remoteGlobalIDString = 471BD1F02CE922AF00C8F75A;
			remoteInfo = MorningRadio;
		};
/* End PBXContainerItemProxy section */

/* Begin PBXFileReference section */
		471BD1F12CE922AF00C8F75A /* MorningRadio.app */ = {isa = PBXFileReference; explicitFileType = wrapper.application; includeInIndex = 0; path = MorningRadio.app; sourceTree = BUILT_PRODUCTS_DIR; };
		471BD2082CE922B000C8F75A /* MorningRadioTests.xctest */ = {isa = PBXFileReference; explicitFileType = wrapper.cfbundle; includeInIndex = 0; path = MorningRadioTests.xctest; sourceTree = BUILT_PRODUCTS_DIR; };
		471BD2122CE922B000C8F75A /* MorningRadioUITests.xctest */ = {isa = PBXFileReference; explicitFileType = wrapper.cfbundle; includeInIndex = 0; path = MorningRadioUITests.xctest; sourceTree = BUILT_PRODUCTS_DIR; };
/* End PBXFileReference section */

/* Begin PBXFileSystemSynchronizedBuildFileExceptionSet section */
		471BD21A2CE922B000C8F75A /* Exceptions for "MorningRadio" folder in "MorningRadio" target */ = {
			isa = PBXFileSystemSynchronizedBuildFileExceptionSet;
			membershipExceptions = (
				Info.plist,
			);
			target = 471BD1F02CE922AF00C8F75A /* MorningRadio */;
		};
/* End PBXFileSystemSynchronizedBuildFileExceptionSet section */

/* Begin PBXFileSystemSynchronizedRootGroup section */
		471BD1F32CE922AF00C8F75A /* MorningRadio */ = {
			isa = PBXFileSystemSynchronizedRootGroup;
			exceptions = (
				471BD21A2CE922B000C8F75A /* Exceptions for "MorningRadio" folder in "MorningRadio" target */,
			);
			path = MorningRadio;
			sourceTree = "<group>";
		};
		471BD20B2CE922B000C8F75A /* MorningRadioTests */ = {
			isa = PBXFileSystemSynchronizedRootGroup;
			path = MorningRadioTests;
			sourceTree = "<group>";
		};
		471BD2152CE922B000C8F75A /* MorningRadioUITests */ = {
			isa = PBXFileSystemSynchronizedRootGroup;
			path = MorningRadioUITests;
			sourceTree = "<group>";
		};
/* End PBXFileSystemSynchronizedRootGroup section */

/* Begin PBXFrameworksBuildPhase section */
		471BD1EE2CE922AF00C8F75A /* Frameworks */ = {
			isa = PBXFrameworksBuildPhase;
			buildActionMask = 2147483647;
			files = (
			);
			runOnlyForDeploymentPostprocessing = 0;
		};
		471BD2052CE922B000C8F75A /* Frameworks */ = {
			isa = PBXFrameworksBuildPhase;
			buildActionMask = 2147483647;
			files = (
			);
			runOnlyForDeploymentPostprocessing = 0;
		};
		471BD20F2CE922B000C8F75A /* Frameworks */ = {
			isa = PBXFrameworksBuildPhase;
			buildActionMask = 2147483647;
			files = (
			);
			runOnlyForDeploymentPostprocessing = 0;
		};
/* End PBXFrameworksBuildPhase section */

/* Begin PBXGroup section */
		471BD1E82CE922AF00C8F75A = {
			isa = PBXGroup;
			children = (
				471BD1F32CE922AF00C8F75A /* MorningRadio */,
				471BD20B2CE922B000C8F75A /* MorningRadioTests */,
				471BD2152CE922B000C8F75A /* MorningRadioUITests */,
				471BD1F22CE922AF00C8F75A /* Products */,
			);
			sourceTree = "<group>";
		};
		471BD1F22CE922AF00C8F75A /* Products */ = {
			isa = PBXGroup;
			children = (
				471BD1F12CE922AF00C8F75A /* MorningRadio.app */,
				471BD2082CE922B000C8F75A /* MorningRadioTests.xctest */,
				471BD2122CE922B000C8F75A /* MorningRadioUITests.xctest */,
			);
			name = Products;
			sourceTree = "<group>";
		};
/* End PBXGroup section */

/* Begin PBXNativeTarget section */
		471BD1F02CE922AF00C8F75A /* MorningRadio */ = {
			isa = PBXNativeTarget;
			buildConfigurationList = 471BD21B2CE922B000C8F75A /* Build configuration list for PBXNativeTarget "MorningRadio" */;
			buildPhases = (
				471BD1ED2CE922AF00C8F75A /* Sources */,
				471BD1EE2CE922AF00C8F75A /* Frameworks */,
				471BD1EF2CE922AF00C8F75A /* Resources */,
			);
			buildRules = (
			);
			dependencies = (
			);
			fileSystemSynchronizedGroups = (
				471BD1F32CE922AF00C8F75A /* MorningRadio */,
			);
			name = MorningRadio;
			packageProductDependencies = (
			);
			productName = MorningRadio;
			productReference = 471BD1F12CE922AF00C8F75A /* MorningRadio.app */;
			productType = "com.apple.product-type.application";
		};
		471BD2072CE922B000C8F75A /* MorningRadioTests */ = {
			isa = PBXNativeTarget;
			buildConfigurationList = 471BD2202CE922B000C8F75A /* Build configuration list for PBXNativeTarget "MorningRadioTests" */;
			buildPhases = (
				471BD2042CE922B000C8F75A /* Sources */,
				471BD2052CE922B000C8F75A /* Frameworks */,
				471BD2062CE922B000C8F75A /* Resources */,
			);
			buildRules = (
			);
			dependencies = (
				471BD20A2CE922B000C8F75A /* PBXTargetDependency */,
			);
			fileSystemSynchronizedGroups = (
				471BD20B2CE922B000C8F75A /* MorningRadioTests */,
			);
			name = MorningRadioTests;
			packageProductDependencies = (
			);
			productName = MorningRadioTests;
			productReference = 471BD2082CE922B000C8F75A /* MorningRadioTests.xctest */;
			productType = "com.apple.product-type.bundle.unit-test";
		};
		471BD2112CE922B000C8F75A /* MorningRadioUITests */ = {
			isa = PBXNativeTarget;
			buildConfigurationList = 471BD2232CE922B000C8F75A /* Build configuration list for PBXNativeTarget "MorningRadioUITests" */;
			buildPhases = (
				471BD20E2CE922B000C8F75A /* Sources */,
				471BD20F2CE922B000C8F75A /* Frameworks */,
				471BD2102CE922B000C8F75A /* Resources */,
			);
			buildRules = (
			);
			dependencies = (
				471BD2142CE922B000C8F75A /* PBXTargetDependency */,
			);
			fileSystemSynchronizedGroups = (
				471BD2152CE922B000C8F75A /* MorningRadioUITests */,
			);
			name = MorningRadioUITests;
			packageProductDependencies = (
			);
			productName = MorningRadioUITests;
			productReference = 471BD2122CE922B000C8F75A /* MorningRadioUITests.xctest */;
			productType = "com.apple.product-type.bundle.ui-testing";
		};
/* End PBXNativeTarget section */

/* Begin PBXProject section */
		471BD1E92CE922AF00C8F75A /* Project object */ = {
			isa = PBXProject;
			attributes = {
				BuildIndependentTargetsInParallel = 1;
				LastSwiftUpdateCheck = 1610;
				LastUpgradeCheck = 1610;
				TargetAttributes = {
					471BD1F02CE922AF00C8F75A = {
						CreatedOnToolsVersion = 16.1;
					};
					471BD2072CE922B000C8F75A = {
						CreatedOnToolsVersion = 16.1;
						TestTargetID = 471BD1F02CE922AF00C8F75A;
					};
					471BD2112CE922B000C8F75A = {
						CreatedOnToolsVersion = 16.1;
						TestTargetID = 471BD1F02CE922AF00C8F75A;
					};
				};
			};
			buildConfigurationList = 471BD1EC2CE922AF00C8F75A /* Build configuration list for PBXProject "MorningRadio" */;
			developmentRegion = en;
			hasScannedForEncodings = 0;
			knownRegions = (
				en,
				Base,
			);
			mainGroup = 471BD1E82CE922AF00C8F75A;
			minimizedProjectReferenceProxies = 1;
			preferredProjectObjectVersion = 77;
			productRefGroup = 471BD1F22CE922AF00C8F75A /* Products */;
			projectDirPath = "";
			projectRoot = "";
			targets = (
				471BD1F02CE922AF00C8F75A /* MorningRadio */,
				471BD2072CE922B000C8F75A /* MorningRadioTests */,
				471BD2112CE922B000C8F75A /* MorningRadioUITests */,
			);
		};
/* End PBXProject section */

/* Begin PBXResourcesBuildPhase section */
		471BD1EF2CE922AF00C8F75A /* Resources */ = {
			isa = PBXResourcesBuildPhase;
			buildActionMask = 2147483647;
			files = (
			);
			runOnlyForDeploymentPostprocessing = 0;
		};
		471BD2062CE922B000C8F75A /* Resources */ = {
			isa = PBXResourcesBuildPhase;
			buildActionMask = 2147483647;
			files = (
			);
			runOnlyForDeploymentPostprocessing = 0;
		};
		471BD2102CE922B000C8F75A /* Resources */ = {
			isa = PBXResourcesBuildPhase;
			buildActionMask = 2147483647;
			files = (
			);
			runOnlyForDeploymentPostprocessing = 0;
		};
/* End PBXResourcesBuildPhase section */

/* Begin PBXSourcesBuildPhase section */
		471BD1ED2CE922AF00C8F75A /* Sources */ = {
			isa = PBXSourcesBuildPhase;
			buildActionMask = 2147483647;
			files = (
			);
			runOnlyForDeploymentPostprocessing = 0;
		};
		471BD2042CE922B000C8F75A /* Sources */ = {
			isa = PBXSourcesBuildPhase;
			buildActionMask = 2147483647;
			files = (
			);
			runOnlyForDeploymentPostprocessing = 0;
		};
		471BD20E2CE922B000C8F75A /* Sources */ = {
			isa = PBXSourcesBuildPhase;
			buildActionMask = 2147483647;
			files = (
			);
			runOnlyForDeploymentPostprocessing = 0;
		};
/* End PBXSourcesBuildPhase section */

/* Begin PBXTargetDependency section */
		471BD20A2CE922B000C8F75A /* PBXTargetDependency */ = {
			isa = PBXTargetDependency;
			target = 471BD1F02CE922AF00C8F75A /* MorningRadio */;
			targetProxy = 471BD2092CE922B000C8F75A /* PBXContainerItemProxy */;
		};
		471BD2142CE922B000C8F75A /* PBXTargetDependency */ = {
			isa = PBXTargetDependency;
			target = 471BD1F02CE922AF00C8F75A /* MorningRadio */;
			targetProxy = 471BD2132CE922B000C8F75A /* PBXContainerItemProxy */;
		};
/* End PBXTargetDependency section */

/* Begin XCBuildConfiguration section */
		471BD21C2CE922B000C8F75A /* Debug */ = {
			isa = XCBuildConfiguration;
			buildSettings = {
				ASSETCATALOG_COMPILER_APPICON_NAME = AppIcon;
				ASSETCATALOG_COMPILER_GLOBAL_ACCENT_COLOR_NAME = AccentColor;
				CODE_SIGN_ENTITLEMENTS = MorningRadio/MorningRadio.entitlements;
				CODE_SIGN_STYLE = Automatic;
				CURRENT_PROJECT_VERSION = 1;
				DEVELOPMENT_ASSET_PATHS = "\"MorningRadio/Preview Content\"";
				ENABLE_PREVIEWS = YES;
				GENERATE_INFOPLIST_FILE = YES;
				INFOPLIST_FILE = MorningRadio/Info.plist;
				INFOPLIST_KEY_UIApplicationSceneManifest_Generation = YES;
				INFOPLIST_KEY_UIApplicationSupportsIndirectInputEvents = YES;
				INFOPLIST_KEY_UILaunchScreen_Generation = YES;
				INFOPLIST_KEY_UISupportedInterfaceOrientations_iPad = "UIInterfaceOrientationPortrait UIInterfaceOrientationPortraitUpsideDown UIInterfaceOrientationLandscapeLeft UIInterfaceOrientationLandscapeRight";
				INFOPLIST_KEY_UISupportedInterfaceOrientations_iPhone = "UIInterfaceOrientationPortrait UIInterfaceOrientationLandscapeLeft UIInterfaceOrientationLandscapeRight";
				LD_RUNPATH_SEARCH_PATHS = (
					"$(inherited)",
					"@executable_path/Frameworks",
				);
				MARKETING_VERSION = 1.0;
				PRODUCT_BUNDLE_IDENTIFIER = com.fox.MorningRadio;
				PRODUCT_NAME = "$(TARGET_NAME)";
				SWIFT_EMIT_LOC_STRINGS = YES;
				SWIFT_VERSION = 5.0;
				TARGETED_DEVICE_FAMILY = "1,2";
			};
			name = Debug;
		};
		471BD21D2CE922B000C8F75A /* Release */ = {
			isa = XCBuildConfiguration;
			buildSettings = {
				ASSETCATALOG_COMPILER_APPICON_NAME = AppIcon;
				ASSETCATALOG_COMPILER_GLOBAL_ACCENT_COLOR_NAME = AccentColor;
				CODE_SIGN_ENTITLEMENTS = MorningRadio/MorningRadio.entitlements;
				CODE_SIGN_STYLE = Automatic;
				CURRENT_PROJECT_VERSION = 1;
				DEVELOPMENT_ASSET_PATHS = "\"MorningRadio/Preview Content\"";
				ENABLE_PREVIEWS = YES;
				GENERATE_INFOPLIST_FILE = YES;
				INFOPLIST_FILE = MorningRadio/Info.plist;
				INFOPLIST_KEY_UIApplicationSceneManifest_Generation = YES;
				INFOPLIST_KEY_UIApplicationSupportsIndirectInputEvents = YES;
				INFOPLIST_KEY_UILaunchScreen_Generation = YES;
				INFOPLIST_KEY_UISupportedInterfaceOrientations_iPad = "UIInterfaceOrientationPortrait UIInterfaceOrientationPortraitUpsideDown UIInterfaceOrientationLandscapeLeft UIInterfaceOrientationLandscapeRight";
				INFOPLIST_KEY_UISupportedInterfaceOrientations_iPhone = "UIInterfaceOrientationPortrait UIInterfaceOrientationLandscapeLeft UIInterfaceOrientationLandscapeRight";
				LD_RUNPATH_SEARCH_PATHS = (
					"$(inherited)",
					"@executable_path/Frameworks",
				);
				MARKETING_VERSION = 1.0;
				PRODUCT_BUNDLE_IDENTIFIER = com.fox.MorningRadio;
				PRODUCT_NAME = "$(TARGET_NAME)";
				SWIFT_EMIT_LOC_STRINGS = YES;
				SWIFT_VERSION = 5.0;
				TARGETED_DEVICE_FAMILY = "1,2";
			};
			name = Release;
		};
		471BD21E2CE922B000C8F75A /* Debug */ = {
			isa = XCBuildConfiguration;
			buildSettings = {
				ALWAYS_SEARCH_USER_PATHS = NO;
				ASSETCATALOG_COMPILER_GENERATE_SWIFT_ASSET_SYMBOL_EXTENSIONS = YES;
				CLANG_ANALYZER_NONNULL = YES;
				CLANG_ANALYZER_NUMBER_OBJECT_CONVERSION = YES_AGGRESSIVE;
				CLANG_CXX_LANGUAGE_STANDARD = "gnu++20";
				CLANG_ENABLE_MODULES = YES;
				CLANG_ENABLE_OBJC_ARC = YES;
				CLANG_ENABLE_OBJC_WEAK = YES;
				CLANG_WARN_BLOCK_CAPTURE_AUTORELEASING = YES;
				CLANG_WARN_BOOL_CONVERSION = YES;
				CLANG_WARN_COMMA = YES;
				CLANG_WARN_CONSTANT_CONVERSION = YES;
				CLANG_WARN_DEPRECATED_OBJC_IMPLEMENTATIONS = YES;
				CLANG_WARN_DIRECT_OBJC_ISA_USAGE = YES_ERROR;
				CLANG_WARN_DOCUMENTATION_COMMENTS = YES;
				CLANG_WARN_EMPTY_BODY = YES;
				CLANG_WARN_ENUM_CONVERSION = YES;
				CLANG_WARN_INFINITE_RECURSION = YES;
				CLANG_WARN_INT_CONVERSION = YES;
				CLANG_WARN_NON_LITERAL_NULL_CONVERSION = YES;
				CLANG_WARN_OBJC_IMPLICIT_RETAIN_SELF = YES;
				CLANG_WARN_OBJC_LITERAL_CONVERSION = YES;
				CLANG_WARN_OBJC_ROOT_CLASS = YES_ERROR;
				CLANG_WARN_QUOTED_INCLUDE_IN_FRAMEWORK_HEADER = YES;
				CLANG_WARN_RANGE_LOOP_ANALYSIS = YES;
				CLANG_WARN_STRICT_PROTOTYPES = YES;
				CLANG_WARN_SUSPICIOUS_MOVE = YES;
				CLANG_WARN_UNGUARDED_AVAILABILITY = YES_AGGRESSIVE;
				CLANG_WARN_UNREACHABLE_CODE = YES;
				CLANG_WARN__DUPLICATE_METHOD_MATCH = YES;
				COPY_PHASE_STRIP = NO;
				DEBUG_INFORMATION_FORMAT = dwarf;
				ENABLE_STRICT_OBJC_MSGSEND = YES;
				ENABLE_TESTABILITY = YES;
				ENABLE_USER_SCRIPT_SANDBOXING = YES;
				GCC_C_LANGUAGE_STANDARD = gnu17;
				GCC_DYNAMIC_NO_PIC = NO;
				GCC_NO_COMMON_BLOCKS = YES;
				GCC_OPTIMIZATION_LEVEL = 0;
				GCC_PREPROCESSOR_DEFINITIONS = (
					"DEBUG=1",
					"$(inherited)",
				);
				GCC_WARN_64_TO_32_BIT_CONVERSION = YES;
				GCC_WARN_ABOUT_RETURN_TYPE = YES_ERROR;
				GCC_WARN_UNDECLARED_SELECTOR = YES;
				GCC_WARN_UNINITIALIZED_AUTOS = YES_AGGRESSIVE;
				GCC_WARN_UNUSED_FUNCTION = YES;
				GCC_WARN_UNUSED_VARIABLE = YES;
				IPHONEOS_DEPLOYMENT_TARGET = 18.1;
				LOCALIZATION_PREFERS_STRING_CATALOGS = YES;
				MTL_ENABLE_DEBUG_INFO = INCLUDE_SOURCE;
				MTL_FAST_MATH = YES;
				ONLY_ACTIVE_ARCH = YES;
				SDKROOT = iphoneos;
				SWIFT_ACTIVE_COMPILATION_CONDITIONS = "DEBUG $(inherited)";
				SWIFT_OPTIMIZATION_LEVEL = "-Onone";
			};
			name = Debug;
		};
		471BD21F2CE922B000C8F75A /* Release */ = {
			isa = XCBuildConfiguration;
			buildSettings = {
				ALWAYS_SEARCH_USER_PATHS = NO;
				ASSETCATALOG_COMPILER_GENERATE_SWIFT_ASSET_SYMBOL_EXTENSIONS = YES;
				CLANG_ANALYZER_NONNULL = YES;
				CLANG_ANALYZER_NUMBER_OBJECT_CONVERSION = YES_AGGRESSIVE;
				CLANG_CXX_LANGUAGE_STANDARD = "gnu++20";
				CLANG_ENABLE_MODULES = YES;
				CLANG_ENABLE_OBJC_ARC = YES;
				CLANG_ENABLE_OBJC_WEAK = YES;
				CLANG_WARN_BLOCK_CAPTURE_AUTORELEASING = YES;
				CLANG_WARN_BOOL_CONVERSION = YES;
				CLANG_WARN_COMMA = YES;
				CLANG_WARN_CONSTANT_CONVERSION = YES;
				CLANG_WARN_DEPRECATED_OBJC_IMPLEMENTATIONS = YES;
				CLANG_WARN_DIRECT_OBJC_ISA_USAGE = YES_ERROR;
				CLANG_WARN_DOCUMENTATION_COMMENTS = YES;
				CLANG_WARN_EMPTY_BODY = YES;
				CLANG_WARN_ENUM_CONVERSION = YES;
				CLANG_WARN_INFINITE_RECURSION = YES;
				CLANG_WARN_INT_CONVERSION = YES;
				CLANG_WARN_NON_LITERAL_NULL_CONVERSION = YES;
				CLANG_WARN_OBJC_IMPLICIT_RETAIN_SELF = YES;
				CLANG_WARN_OBJC_LITERAL_CONVERSION = YES;
				CLANG_WARN_OBJC_ROOT_CLASS = YES_ERROR;
				CLANG_WARN_QUOTED_INCLUDE_IN_FRAMEWORK_HEADER = YES;
				CLANG_WARN_RANGE_LOOP_ANALYSIS = YES;
				CLANG_WARN_STRICT_PROTOTYPES = YES;
				CLANG_WARN_SUSPICIOUS_MOVE = YES;
				CLANG_WARN_UNGUARDED_AVAILABILITY = YES_AGGRESSIVE;
				CLANG_WARN_UNREACHABLE_CODE = YES;
				CLANG_WARN__DUPLICATE_METHOD_MATCH = YES;
				COPY_PHASE_STRIP = NO;
				DEBUG_INFORMATION_FORMAT = "dwarf-with-dsym";
				ENABLE_NS_ASSERTIONS = NO;
				ENABLE_STRICT_OBJC_MSGSEND = YES;
				ENABLE_USER_SCRIPT_SANDBOXING = YES;
				GCC_C_LANGUAGE_STANDARD = gnu17;
				GCC_NO_COMMON_BLOCKS = YES;
				GCC_WARN_64_TO_32_BIT_CONVERSION = YES;
				GCC_WARN_ABOUT_RETURN_TYPE = YES_ERROR;
				GCC_WARN_UNDECLARED_SELECTOR = YES;
				GCC_WARN_UNINITIALIZED_AUTOS = YES_AGGRESSIVE;
				GCC_WARN_UNUSED_FUNCTION = YES;
				GCC_WARN_UNUSED_VARIABLE = YES;
				IPHONEOS_DEPLOYMENT_TARGET = 18.1;
				LOCALIZATION_PREFERS_STRING_CATALOGS = YES;
				MTL_ENABLE_DEBUG_INFO = NO;
				MTL_FAST_MATH = YES;
				SDKROOT = iphoneos;
				SWIFT_COMPILATION_MODE = wholemodule;
				VALIDATE_PRODUCT = YES;
			};
			name = Release;
		};
		471BD2212CE922B000C8F75A /* Debug */ = {
			isa = XCBuildConfiguration;
			buildSettings = {
				BUNDLE_LOADER = "$(TEST_HOST)";
				CODE_SIGN_STYLE = Automatic;
				CURRENT_PROJECT_VERSION = 1;
				GENERATE_INFOPLIST_FILE = YES;
				IPHONEOS_DEPLOYMENT_TARGET = 18.1;
				MARKETING_VERSION = 1.0;
				PRODUCT_BUNDLE_IDENTIFIER = com.fox.MorningRadioTests;
				PRODUCT_NAME = "$(TARGET_NAME)";
				SWIFT_EMIT_LOC_STRINGS = NO;
				SWIFT_VERSION = 5.0;
				TARGETED_DEVICE_FAMILY = "1,2";
				TEST_HOST = "$(BUILT_PRODUCTS_DIR)/MorningRadio.app/$(BUNDLE_EXECUTABLE_FOLDER_PATH)/MorningRadio";
			};
			name = Debug;
		};
		471BD2222CE922B000C8F75A /* Release */ = {
			isa = XCBuildConfiguration;
			buildSettings = {
				BUNDLE_LOADER = "$(TEST_HOST)";
				CODE_SIGN_STYLE = Automatic;
				CURRENT_PROJECT_VERSION = 1;
				GENERATE_INFOPLIST_FILE = YES;
				IPHONEOS_DEPLOYMENT_TARGET = 18.1;
				MARKETING_VERSION = 1.0;
				PRODUCT_BUNDLE_IDENTIFIER = com.fox.MorningRadioTests;
				PRODUCT_NAME = "$(TARGET_NAME)";
				SWIFT_EMIT_LOC_STRINGS = NO;
				SWIFT_VERSION = 5.0;
				TARGETED_DEVICE_FAMILY = "1,2";
				TEST_HOST = "$(BUILT_PRODUCTS_DIR)/MorningRadio.app/$(BUNDLE_EXECUTABLE_FOLDER_PATH)/MorningRadio";
			};
			name = Release;
		};
		471BD2242CE922B000C8F75A /* Debug */ = {
			isa = XCBuildConfiguration;
			buildSettings = {
				CODE_SIGN_STYLE = Automatic;
				CURRENT_PROJECT_VERSION = 1;
				GENERATE_INFOPLIST_FILE = YES;
				MARKETING_VERSION = 1.0;
				PRODUCT_BUNDLE_IDENTIFIER = com.fox.MorningRadioUITests;
				PRODUCT_NAME = "$(TARGET_NAME)";
				SWIFT_EMIT_LOC_STRINGS = NO;
				SWIFT_VERSION = 5.0;
				TARGETED_DEVICE_FAMILY = "1,2";
				TEST_TARGET_NAME = MorningRadio;
			};
			name = Debug;
		};
		471BD2252CE922B000C8F75A /* Release */ = {
			isa = XCBuildConfiguration;
			buildSettings = {
				CODE_SIGN_STYLE = Automatic;
				CURRENT_PROJECT_VERSION = 1;
				GENERATE_INFOPLIST_FILE = YES;
				MARKETING_VERSION = 1.0;
				PRODUCT_BUNDLE_IDENTIFIER = com.fox.MorningRadioUITests;
				PRODUCT_NAME = "$(TARGET_NAME)";
				SWIFT_EMIT_LOC_STRINGS = NO;
				SWIFT_VERSION = 5.0;
				TARGETED_DEVICE_FAMILY = "1,2";
				TEST_TARGET_NAME = MorningRadio;
			};
			name = Release;
		};
/* End XCBuildConfiguration section */

/* Begin XCConfigurationList section */
		471BD1EC2CE922AF00C8F75A /* Build configuration list for PBXProject "MorningRadio" */ = {
			isa = XCConfigurationList;
			buildConfigurations = (
				471BD21E2CE922B000C8F75A /* Debug */,
				471BD21F2CE922B000C8F75A /* Release */,
			);
			defaultConfigurationIsVisible = 0;
			defaultConfigurationName = Release;
		};
		471BD21B2CE922B000C8F75A /* Build configuration list for PBXNativeTarget "MorningRadio" */ = {
			isa = XCConfigurationList;
			buildConfigurations = (
				471BD21C2CE922B000C8F75A /* Debug */,
				471BD21D2CE922B000C8F75A /* Release */,
			);
			defaultConfigurationIsVisible = 0;
			defaultConfigurationName = Release;
		};
		471BD2202CE922B000C8F75A /* Build configuration list for PBXNativeTarget "MorningRadioTests" */ = {
			isa = XCConfigurationList;
			buildConfigurations = (
				471BD2212CE922B000C8F75A /* Debug */,
				471BD2222CE922B000C8F75A /* Release */,
			);
			defaultConfigurationIsVisible = 0;
			defaultConfigurationName = Release;
		};
		471BD2232CE922B000C8F75A /* Build configuration list for PBXNativeTarget "MorningRadioUITests" */ = {
			isa = XCConfigurationList;
			buildConfigurations = (
				471BD2242CE922B000C8F75A /* Debug */,
				471BD2252CE922B000C8F75A /* Release */,
			);
			defaultConfigurationIsVisible = 0;
			defaultConfigurationName = Release;
		};
/* End XCConfigurationList section */
	};
	rootObject = 471BD1E92CE922AF00C8F75A /* Project object */;
}
